
Microsoft Visual Studio Solution File, Format Version 12.00
# Visual Studio 15
VisualStudioVersion = 15.0.27703.2047
MinimumVisualStudioVersion = 10.0.40219.1
Project("{9A19103F-16F7-4668-BE54-9A1E7A4F7556}") = "ToDoListWebApi", "ToDoListWebApi\ToDoListWebApi.csproj", "{15F5A9CD-DC8C-429C-AAD6-E66DB410F42B}"
EndProject
Project("{FAE04EC0-301F-11D3-BF4B-00C04F79EFBC}") = "ToDoList.DAL", "ToDoList.DAL\ToDoList.DAL.csproj", "{26529C09-4027-455C-9B14-78146D60D95D}"
EndProject
Project("{FAE04EC0-301F-11D3-BF4B-00C04F79EFBC}") = "ToDoList.Services", "ToDoList.Services\ToDoList.Services.csproj", "{33402649-F794-4927-AB82-12C01862B286}"
EndProject
Global
	GlobalSection(SolutionConfigurationPlatforms) = preSolution
		Debug|Any CPU = Debug|Any CPU
		Release|Any CPU = Release|Any CPU
	EndGlobalSection
	GlobalSection(ProjectConfigurationPlatforms) = postSolution
		{15F5A9CD-DC8C-429C-AAD6-E66DB410F42B}.Debug|Any CPU.ActiveCfg = Debug|Any CPU
		{15F5A9CD-DC8C-429C-AAD6-E66DB410F42B}.Debug|Any CPU.Build.0 = Debug|Any CPU
		{15F5A9CD-DC8C-429C-AAD6-E66DB410F42B}.Release|Any CPU.ActiveCfg = Release|Any CPU
		{15F5A9CD-DC8C-429C-AAD6-E66DB410F42B}.Release|Any CPU.Build.0 = Release|Any CPU
		{26529C09-4027-455C-9B14-78146D60D95D}.Debug|Any CPU.ActiveCfg = Debug|Any CPU
		{26529C09-4027-455C-9B14-78146D60D95D}.Debug|Any CPU.Build.0 = Debug|Any CPU
		{26529C09-4027-455C-9B14-78146D60D95D}.Release|Any CPU.ActiveCfg = Release|Any CPU
		{26529C09-4027-455C-9B14-78146D60D95D}.Release|Any CPU.Build.0 = Release|Any CPU
		{33402649-F794-4927-AB82-12C01862B286}.Debug|Any CPU.ActiveCfg = Debug|Any CPU
		{33402649-F794-4927-AB82-12C01862B286}.Debug|Any CPU.Build.0 = Debug|Any CPU
		{33402649-F794-4927-AB82-12C01862B286}.Release|Any CPU.ActiveCfg = Release|Any CPU
		{33402649-F794-4927-AB82-12C01862B286}.Release|Any CPU.Build.0 = Release|Any CPU
	EndGlobalSection
	GlobalSection(SolutionProperties) = preSolution
		HideSolutionNode = FALSE
	EndGlobalSection
	GlobalSection(ExtensibilityGlobals) = postSolution
		SolutionGuid = {9B688233-29E6-4E39-ACE7-650B430725EC}
	EndGlobalSection
EndGlobal
