
Microsoft Visual Studio Solution File, Format Version 12.00
# Visual Studio 15
VisualStudioVersion = 15.0.27703.2047
MinimumVisualStudioVersion = 10.0.40219.1
Project("{9A19103F-16F7-4668-BE54-9A1E7A4F7556}") = "ToDoListWebApi", "ToDoListWebApi\ToDoListWebApi.csproj", "{15F5A9CD-DC8C-429C-AAD6-E66DB410F42B}"
EndProject
Global
	GlobalSection(SolutionConfigurationPlatforms) = preSolution
		Debug|Any CPU = Debug|Any CPU
		Release|Any CPU = Release|Any CPU
	EndGlobalSection
	GlobalSection(ProjectConfigurationPlatforms) = postSolution
		{15F5A9CD-DC8C-429C-AAD6-E66DB410F42B}.Debug|Any CPU.ActiveCfg = Debug|Any CPU
		{15F5A9CD-DC8C-429C-AAD6-E66DB410F42B}.Debug|Any CPU.Build.0 = Debug|Any CPU
		{15F5A9CD-DC8C-429C-AAD6-E66DB410F42B}.Release|Any CPU.ActiveCfg = Release|Any CPU
		{15F5A9CD-DC8C-429C-AAD6-E66DB410F42B}.Release|Any CPU.Build.0 = Release|Any CPU
	EndGlobalSection
	GlobalSection(SolutionProperties) = preSolution
		HideSolutionNode = FALSE
	EndGlobalSection
	GlobalSection(ExtensibilityGlobals) = postSolution
		SolutionGuid = {9B688233-29E6-4E39-ACE7-650B430725EC}
	EndGlobalSection
EndGlobal
